
Microsoft Visual Studio Solution File, Format Version 12.00
# Visual Studio Version 16
VisualStudioVersion = 16.0.29806.167
MinimumVisualStudioVersion = 10.0.40219.1
Project("{8BC9CEB8-8B4A-11D0-8D11-00A0C91BC942}") = "Lab5", "Lab5\Lab5.vcxproj", "{418F8EFE-9BFC-47F5-8238-165E80D27383}"
EndProject
Global
	GlobalSection(SolutionConfigurationPlatforms) = preSolution
		Debug|x64 = Debug|x64
		Debug|x86 = Debug|x86
		Release|x64 = Release|x64
		Release|x86 = Release|x86
	EndGlobalSection
	GlobalSection(ProjectConfigurationPlatforms) = postSolution
		{418F8EFE-9BFC-47F5-8238-165E80D27383}.Debug|x64.ActiveCfg = Debug|x64
		{418F8EFE-9BFC-47F5-8238-165E80D27383}.Debug|x64.Build.0 = Debug|x64
		{418F8EFE-9BFC-47F5-8238-165E80D27383}.Debug|x86.ActiveCfg = Debug|Win32
		{418F8EFE-9BFC-47F5-8238-165E80D27383}.Debug|x86.Build.0 = Debug|Win32
		{418F8EFE-9BFC-47F5-8238-165E80D27383}.Release|x64.ActiveCfg = Release|x64
		{418F8EFE-9BFC-47F5-8238-165E80D27383}.Release|x64.Build.0 = Release|x64
		{418F8EFE-9BFC-47F5-8238-165E80D27383}.Release|x86.ActiveCfg = Release|Win32
		{418F8EFE-9BFC-47F5-8238-165E80D27383}.Release|x86.Build.0 = Release|Win32
	EndGlobalSection
	GlobalSection(SolutionProperties) = preSolution
		HideSolutionNode = FALSE
	EndGlobalSection
	GlobalSection(ExtensibilityGlobals) = postSolution
		SolutionGuid = {BD2B0ABF-5FB5-426D-AA15-C659E576FE4B}
	EndGlobalSection
EndGlobal
